// !$*UTF8*$!
{
	archiveVersion = 1;
	classes = {
	};
	objectVersion = 50;
	objects = {

/* Begin PBXBuildFile section */
		F7DE07AE25D2147E007C7173 /* Extensions.swift in Sources */ = {isa = PBXBuildFile; fileRef = F7DE07AD25D2147E007C7173 /* Extensions.swift */; };
		F7F3136F25D1D12C006EEB5E /* IntBinaryApp.swift in Sources */ = {isa = PBXBuildFile; fileRef = F7F3136E25D1D12C006EEB5E /* IntBinaryApp.swift */; };
		F7F3137125D1D12C006EEB5E /* ContentView.swift in Sources */ = {isa = PBXBuildFile; fileRef = F7F3137025D1D12C006EEB5E /* ContentView.swift */; };
		F7F3137325D1D134006EEB5E /* Assets.xcassets in Resources */ = {isa = PBXBuildFile; fileRef = F7F3137225D1D134006EEB5E /* Assets.xcassets */; };
		F7F3137625D1D134006EEB5E /* Preview Assets.xcassets in Resources */ = {isa = PBXBuildFile; fileRef = F7F3137525D1D134006EEB5E /* Preview Assets.xcassets */; };
		F7F3138325D1DAA6006EEB5E /* Decimal.swift in Sources */ = {isa = PBXBuildFile; fileRef = F7F3138225D1DAA6006EEB5E /* Decimal.swift */; };
		F7F3138725D1DC1F006EEB5E /* Binary.swift in Sources */ = {isa = PBXBuildFile; fileRef = F7F3138625D1DC1F006EEB5E /* Binary.swift */; };
		F7F3138A25D1E08F006EEB5E /* Hexadecimal.swift in Sources */ = {isa = PBXBuildFile; fileRef = F7F3138925D1E08F006EEB5E /* Hexadecimal.swift */; };
		F7F3138D25D1E3B0006EEB5E /* Octal.swift in Sources */ = {isa = PBXBuildFile; fileRef = F7F3138C25D1E3B0006EEB5E /* Octal.swift */; };
/* End PBXBuildFile section */

/* Begin PBXFileReference section */
		F7DE07AD25D2147E007C7173 /* Extensions.swift */ = {isa = PBXFileReference; lastKnownFileType = sourcecode.swift; path = Extensions.swift; sourceTree = "<group>"; };
		F7F3136B25D1D12C006EEB5E /* IntBinary.app */ = {isa = PBXFileReference; explicitFileType = wrapper.application; includeInIndex = 0; path = IntBinary.app; sourceTree = BUILT_PRODUCTS_DIR; };
		F7F3136E25D1D12C006EEB5E /* IntBinaryApp.swift */ = {isa = PBXFileReference; lastKnownFileType = sourcecode.swift; path = IntBinaryApp.swift; sourceTree = "<group>"; };
		F7F3137025D1D12C006EEB5E /* ContentView.swift */ = {isa = PBXFileReference; lastKnownFileType = sourcecode.swift; path = ContentView.swift; sourceTree = "<group>"; };
		F7F3137225D1D134006EEB5E /* Assets.xcassets */ = {isa = PBXFileReference; lastKnownFileType = folder.assetcatalog; path = Assets.xcassets; sourceTree = "<group>"; };
		F7F3137525D1D134006EEB5E /* Preview Assets.xcassets */ = {isa = PBXFileReference; lastKnownFileType = folder.assetcatalog; path = "Preview Assets.xcassets"; sourceTree = "<group>"; };
		F7F3137725D1D134006EEB5E /* Info.plist */ = {isa = PBXFileReference; lastKnownFileType = text.plist.xml; path = Info.plist; sourceTree = "<group>"; };
		F7F3138225D1DAA6006EEB5E /* Decimal.swift */ = {isa = PBXFileReference; lastKnownFileType = sourcecode.swift; path = Decimal.swift; sourceTree = "<group>"; };
		F7F3138625D1DC1F006EEB5E /* Binary.swift */ = {isa = PBXFileReference; lastKnownFileType = sourcecode.swift; path = Binary.swift; sourceTree = "<group>"; };
		F7F3138925D1E08F006EEB5E /* Hexadecimal.swift */ = {isa = PBXFileReference; lastKnownFileType = sourcecode.swift; path = Hexadecimal.swift; sourceTree = "<group>"; };
		F7F3138C25D1E3B0006EEB5E /* Octal.swift */ = {isa = PBXFileReference; lastKnownFileType = sourcecode.swift; path = Octal.swift; sourceTree = "<group>"; };
/* End PBXFileReference section */

/* Begin PBXFrameworksBuildPhase section */
		F7F3136825D1D12C006EEB5E /* Frameworks */ = {
			isa = PBXFrameworksBuildPhase;
			buildActionMask = 2147483647;
			files = (
			);
			runOnlyForDeploymentPostprocessing = 0;
		};
/* End PBXFrameworksBuildPhase section */

/* Begin PBXGroup section */
		F7F3136225D1D12C006EEB5E = {
			isa = PBXGroup;
			children = (
				F7F3136D25D1D12C006EEB5E /* IntBinary */,
				F7F3136C25D1D12C006EEB5E /* Products */,
			);
			sourceTree = "<group>";
		};
		F7F3136C25D1D12C006EEB5E /* Products */ = {
			isa = PBXGroup;
			children = (
				F7F3136B25D1D12C006EEB5E /* IntBinary.app */,
			);
			name = Products;
			sourceTree = "<group>";
		};
		F7F3136D25D1D12C006EEB5E /* IntBinary */ = {
			isa = PBXGroup;
			children = (
				F7F3136E25D1D12C006EEB5E /* IntBinaryApp.swift */,
				F7F3137025D1D12C006EEB5E /* ContentView.swift */,
				F7F3138225D1DAA6006EEB5E /* Decimal.swift */,
				F7F3138625D1DC1F006EEB5E /* Binary.swift */,
				F7F3138925D1E08F006EEB5E /* Hexadecimal.swift */,
				F7F3138C25D1E3B0006EEB5E /* Octal.swift */,
				F7DE07AD25D2147E007C7173 /* Extensions.swift */,
				F7F3137225D1D134006EEB5E /* Assets.xcassets */,
				F7F3137725D1D134006EEB5E /* Info.plist */,
				F7F3137425D1D134006EEB5E /* Preview Content */,
			);
			path = IntBinary;
			sourceTree = "<group>";
		};
		F7F3137425D1D134006EEB5E /* Preview Content */ = {
			isa = PBXGroup;
			children = (
				F7F3137525D1D134006EEB5E /* Preview Assets.xcassets */,
			);
			path = "Preview Content";
			sourceTree = "<group>";
		};
/* End PBXGroup section */

/* Begin PBXNativeTarget section */
		F7F3136A25D1D12C006EEB5E /* IntBinary */ = {
			isa = PBXNativeTarget;
			buildConfigurationList = F7F3137A25D1D134006EEB5E /* Build configuration list for PBXNativeTarget "IntBinary" */;
			buildPhases = (
				F7F3136725D1D12C006EEB5E /* Sources */,
				F7F3136825D1D12C006EEB5E /* Frameworks */,
				F7F3136925D1D12C006EEB5E /* Resources */,
			);
			buildRules = (
			);
			dependencies = (
			);
			name = IntBinary;
			productName = IntBinary;
			productReference = F7F3136B25D1D12C006EEB5E /* IntBinary.app */;
			productType = "com.apple.product-type.application";
		};
/* End PBXNativeTarget section */

/* Begin PBXProject section */
		F7F3136325D1D12C006EEB5E /* Project object */ = {
			isa = PBXProject;
			attributes = {
				LastSwiftUpdateCheck = 1220;
				LastUpgradeCheck = 1220;
				TargetAttributes = {
					F7F3136A25D1D12C006EEB5E = {
						CreatedOnToolsVersion = 12.2;
					};
				};
			};
			buildConfigurationList = F7F3136625D1D12C006EEB5E /* Build configuration list for PBXProject "IntBinary" */;
			compatibilityVersion = "Xcode 9.3";
			developmentRegion = en;
			hasScannedForEncodings = 0;
			knownRegions = (
				en,
				Base,
			);
			mainGroup = F7F3136225D1D12C006EEB5E;
			productRefGroup = F7F3136C25D1D12C006EEB5E /* Products */;
			projectDirPath = "";
			projectRoot = "";
			targets = (
				F7F3136A25D1D12C006EEB5E /* IntBinary */,
			);
		};
/* End PBXProject section */

/* Begin PBXResourcesBuildPhase section */
		F7F3136925D1D12C006EEB5E /* Resources */ = {
			isa = PBXResourcesBuildPhase;
			buildActionMask = 2147483647;
			files = (
				F7F3137625D1D134006EEB5E /* Preview Assets.xcassets in Resources */,
				F7F3137325D1D134006EEB5E /* Assets.xcassets in Resources */,
			);
			runOnlyForDeploymentPostprocessing = 0;
		};
/* End PBXResourcesBuildPhase section */

/* Begin PBXSourcesBuildPhase section */
		F7F3136725D1D12C006EEB5E /* Sources */ = {
			isa = PBXSourcesBuildPhase;
			buildActionMask = 2147483647;
			files = (
				F7F3138725D1DC1F006EEB5E /* Binary.swift in Sources */,
				F7F3138325D1DAA6006EEB5E /* Decimal.swift in Sources */,
				F7F3137125D1D12C006EEB5E /* ContentView.swift in Sources */,
				F7F3138D25D1E3B0006EEB5E /* Octal.swift in Sources */,
				F7F3138A25D1E08F006EEB5E /* Hexadecimal.swift in Sources */,
				F7F3136F25D1D12C006EEB5E /* IntBinaryApp.swift in Sources */,
				F7DE07AE25D2147E007C7173 /* Extensions.swift in Sources */,
			);
			runOnlyForDeploymentPostprocessing = 0;
		};
/* End PBXSourcesBuildPhase section */

/* Begin XCBuildConfiguration section */
		F7F3137825D1D134006EEB5E /* Debug */ = {
			isa = XCBuildConfiguration;
			buildSettings = {
				ALWAYS_SEARCH_USER_PATHS = NO;
				CLANG_ANALYZER_NONNULL = YES;
				CLANG_ANALYZER_NUMBER_OBJECT_CONVERSION = YES_AGGRESSIVE;
				CLANG_CXX_LANGUAGE_STANDARD = "gnu++14";
				CLANG_CXX_LIBRARY = "libc++";
				CLANG_ENABLE_MODULES = YES;
				CLANG_ENABLE_OBJC_ARC = YES;
				CLANG_ENABLE_OBJC_WEAK = YES;
				CLANG_WARN_BLOCK_CAPTURE_AUTORELEASING = YES;
				CLANG_WARN_BOOL_CONVERSION = YES;
				CLANG_WARN_COMMA = YES;
				CLANG_WARN_CONSTANT_CONVERSION = YES;
				CLANG_WARN_DEPRECATED_OBJC_IMPLEMENTATIONS = YES;
				CLANG_WARN_DIRECT_OBJC_ISA_USAGE = YES_ERROR;
				CLANG_WARN_DOCUMENTATION_COMMENTS = YES;
				CLANG_WARN_EMPTY_BODY = YES;
				CLANG_WARN_ENUM_CONVERSION = YES;
				CLANG_WARN_INFINITE_RECURSION = YES;
				CLANG_WARN_INT_CONVERSION = YES;
				CLANG_WARN_NON_LITERAL_NULL_CONVERSION = YES;
				CLANG_WARN_OBJC_IMPLICIT_RETAIN_SELF = YES;
				CLANG_WARN_OBJC_LITERAL_CONVERSION = YES;
				CLANG_WARN_OBJC_ROOT_CLASS = YES_ERROR;
				CLANG_WARN_QUOTED_INCLUDE_IN_FRAMEWORK_HEADER = YES;
				CLANG_WARN_RANGE_LOOP_ANALYSIS = YES;
				CLANG_WARN_STRICT_PROTOTYPES = YES;
				CLANG_WARN_SUSPICIOUS_MOVE = YES;
				CLANG_WARN_UNGUARDED_AVAILABILITY = YES_AGGRESSIVE;
				CLANG_WARN_UNREACHABLE_CODE = YES;
				CLANG_WARN__DUPLICATE_METHOD_MATCH = YES;
				COPY_PHASE_STRIP = NO;
				DEBUG_INFORMATION_FORMAT = dwarf;
				ENABLE_STRICT_OBJC_MSGSEND = YES;
				ENABLE_TESTABILITY = YES;
				GCC_C_LANGUAGE_STANDARD = gnu11;
				GCC_DYNAMIC_NO_PIC = NO;
				GCC_NO_COMMON_BLOCKS = YES;
				GCC_OPTIMIZATION_LEVEL = 0;
				GCC_PREPROCESSOR_DEFINITIONS = (
					"DEBUG=1",
					"$(inherited)",
				);
				GCC_WARN_64_TO_32_BIT_CONVERSION = YES;
				GCC_WARN_ABOUT_RETURN_TYPE = YES_ERROR;
				GCC_WARN_UNDECLARED_SELECTOR = YES;
				GCC_WARN_UNINITIALIZED_AUTOS = YES_AGGRESSIVE;
				GCC_WARN_UNUSED_FUNCTION = YES;
				GCC_WARN_UNUSED_VARIABLE = YES;
				IPHONEOS_DEPLOYMENT_TARGET = 14.2;
				MTL_ENABLE_DEBUG_INFO = INCLUDE_SOURCE;
				MTL_FAST_MATH = YES;
				ONLY_ACTIVE_ARCH = YES;
				SDKROOT = iphoneos;
				SWIFT_ACTIVE_COMPILATION_CONDITIONS = DEBUG;
				SWIFT_OPTIMIZATION_LEVEL = "-Onone";
			};
			name = Debug;
		};
		F7F3137925D1D134006EEB5E /* Release */ = {
			isa = XCBuildConfiguration;
			buildSettings = {
				ALWAYS_SEARCH_USER_PATHS = NO;
				CLANG_ANALYZER_NONNULL = YES;
				CLANG_ANALYZER_NUMBER_OBJECT_CONVERSION = YES_AGGRESSIVE;
				CLANG_CXX_LANGUAGE_STANDARD = "gnu++14";
				CLANG_CXX_LIBRARY = "libc++";
				CLANG_ENABLE_MODULES = YES;
				CLANG_ENABLE_OBJC_ARC = YES;
				CLANG_ENABLE_OBJC_WEAK = YES;
				CLANG_WARN_BLOCK_CAPTURE_AUTORELEASING = YES;
				CLANG_WARN_BOOL_CONVERSION = YES;
				CLANG_WARN_COMMA = YES;
				CLANG_WARN_CONSTANT_CONVERSION = YES;
				CLANG_WARN_DEPRECATED_OBJC_IMPLEMENTATIONS = YES;
				CLANG_WARN_DIRECT_OBJC_ISA_USAGE = YES_ERROR;
				CLANG_WARN_DOCUMENTATION_COMMENTS = YES;
				CLANG_WARN_EMPTY_BODY = YES;
				CLANG_WARN_ENUM_CONVERSION = YES;
				CLANG_WARN_INFINITE_RECURSION = YES;
				CLANG_WARN_INT_CONVERSION = YES;
				CLANG_WARN_NON_LITERAL_NULL_CONVERSION = YES;
				CLANG_WARN_OBJC_IMPLICIT_RETAIN_SELF = YES;
				CLANG_WARN_OBJC_LITERAL_CONVERSION = YES;
				CLANG_WARN_OBJC_ROOT_CLASS = YES_ERROR;
				CLANG_WARN_QUOTED_INCLUDE_IN_FRAMEWORK_HEADER = YES;
				CLANG_WARN_RANGE_LOOP_ANALYSIS = YES;
				CLANG_WARN_STRICT_PROTOTYPES = YES;
				CLANG_WARN_SUSPICIOUS_MOVE = YES;
				CLANG_WARN_UNGUARDED_AVAILABILITY = YES_AGGRESSIVE;
				CLANG_WARN_UNREACHABLE_CODE = YES;
				CLANG_WARN__DUPLICATE_METHOD_MATCH = YES;
				COPY_PHASE_STRIP = NO;
				DEBUG_INFORMATION_FORMAT = "dwarf-with-dsym";
				ENABLE_NS_ASSERTIONS = NO;
				ENABLE_STRICT_OBJC_MSGSEND = YES;
				GCC_C_LANGUAGE_STANDARD = gnu11;
				GCC_NO_COMMON_BLOCKS = YES;
				GCC_WARN_64_TO_32_BIT_CONVERSION = YES;
				GCC_WARN_ABOUT_RETURN_TYPE = YES_ERROR;
				GCC_WARN_UNDECLARED_SELECTOR = YES;
				GCC_WARN_UNINITIALIZED_AUTOS = YES_AGGRESSIVE;
				GCC_WARN_UNUSED_FUNCTION = YES;
				GCC_WARN_UNUSED_VARIABLE = YES;
				IPHONEOS_DEPLOYMENT_TARGET = 14.2;
				MTL_ENABLE_DEBUG_INFO = NO;
				MTL_FAST_MATH = YES;
				SDKROOT = iphoneos;
				SWIFT_COMPILATION_MODE = wholemodule;
				SWIFT_OPTIMIZATION_LEVEL = "-O";
				VALIDATE_PRODUCT = YES;
			};
			name = Release;
		};
		F7F3137B25D1D134006EEB5E /* Debug */ = {
			isa = XCBuildConfiguration;
			buildSettings = {
				ASSETCATALOG_COMPILER_APPICON_NAME = AppIcon;
				ASSETCATALOG_COMPILER_GLOBAL_ACCENT_COLOR_NAME = AccentColor;
				CODE_SIGN_STYLE = Automatic;
				DEVELOPMENT_ASSET_PATHS = "\"IntBinary/Preview Content\"";
				DEVELOPMENT_TEAM = 5VSLR4ZAP9;
				ENABLE_PREVIEWS = YES;
				INFOPLIST_FILE = IntBinary/Info.plist;
				IPHONEOS_DEPLOYMENT_TARGET = 14.0;
				LD_RUNPATH_SEARCH_PATHS = (
					"$(inherited)",
					"@executable_path/Frameworks",
				);
				PRODUCT_BUNDLE_IDENTIFIER = riceset.IntBinary;
				PRODUCT_NAME = "$(TARGET_NAME)";
				SWIFT_VERSION = 5.0;
				TARGETED_DEVICE_FAMILY = "1,2";
			};
			name = Debug;
		};
		F7F3137C25D1D134006EEB5E /* Release */ = {
			isa = XCBuildConfiguration;
			buildSettings = {
				ASSETCATALOG_COMPILER_APPICON_NAME = AppIcon;
				ASSETCATALOG_COMPILER_GLOBAL_ACCENT_COLOR_NAME = AccentColor;
				CODE_SIGN_STYLE = Automatic;
				DEVELOPMENT_ASSET_PATHS = "\"IntBinary/Preview Content\"";
				DEVELOPMENT_TEAM = 5VSLR4ZAP9;
				ENABLE_PREVIEWS = YES;
				INFOPLIST_FILE = IntBinary/Info.plist;
				IPHONEOS_DEPLOYMENT_TARGET = 14.0;
				LD_RUNPATH_SEARCH_PATHS = (
					"$(inherited)",
					"@executable_path/Frameworks",
				);
				PRODUCT_BUNDLE_IDENTIFIER = riceset.IntBinary;
				PRODUCT_NAME = "$(TARGET_NAME)";
				SWIFT_VERSION = 5.0;
				TARGETED_DEVICE_FAMILY = "1,2";
			};
			name = Release;
		};
/* End XCBuildConfiguration section */

/* Begin XCConfigurationList section */
		F7F3136625D1D12C006EEB5E /* Build configuration list for PBXProject "IntBinary" */ = {
			isa = XCConfigurationList;
			buildConfigurations = (
				F7F3137825D1D134006EEB5E /* Debug */,
				F7F3137925D1D134006EEB5E /* Release */,
			);
			defaultConfigurationIsVisible = 0;
			defaultConfigurationName = Release;
		};
		F7F3137A25D1D134006EEB5E /* Build configuration list for PBXNativeTarget "IntBinary" */ = {
			isa = XCConfigurationList;
			buildConfigurations = (
				F7F3137B25D1D134006EEB5E /* Debug */,
				F7F3137C25D1D134006EEB5E /* Release */,
			);
			defaultConfigurationIsVisible = 0;
			defaultConfigurationName = Release;
		};
/* End XCConfigurationList section */
	};
	rootObject = F7F3136325D1D12C006EEB5E /* Project object */;
}
